
Microsoft Visual Studio Solution File, Format Version 12.00
# Visual Studio Version 17
VisualStudioVersion = 17.12.35209.166
MinimumVisualStudioVersion = 10.0.40219.1
Project("{FAE04EC0-301F-11D3-BF4B-00C04F79EFBC}") = "AB108ArrayTask", "AB108ArrayTask\AB108ArrayTask.csproj", "{EBA6FFFE-52A0-40AB-9CA4-884D1A2AED07}"
EndProject
Global
	GlobalSection(SolutionConfigurationPlatforms) = preSolution
		Debug|Any CPU = Debug|Any CPU
		Release|Any CPU = Release|Any CPU
	EndGlobalSection
	GlobalSection(ProjectConfigurationPlatforms) = postSolution
		{EBA6FFFE-52A0-40AB-9CA4-884D1A2AED07}.Debug|Any CPU.ActiveCfg = Debug|Any CPU
		{EBA6FFFE-52A0-40AB-9CA4-884D1A2AED07}.Debug|Any CPU.Build.0 = Debug|Any CPU
		{EBA6FFFE-52A0-40AB-9CA4-884D1A2AED07}.Release|Any CPU.ActiveCfg = Release|Any CPU
		{EBA6FFFE-52A0-40AB-9CA4-884D1A2AED07}.Release|Any CPU.Build.0 = Release|Any CPU
	EndGlobalSection
	GlobalSection(SolutionProperties) = preSolution
		HideSolutionNode = FALSE
	EndGlobalSection
	GlobalSection(ExtensibilityGlobals) = postSolution
		SolutionGuid = {CAF4B405-89D3-4842-B646-1E19F1599CC0}
	EndGlobalSection
EndGlobal
