
Microsoft Visual Studio Solution File, Format Version 12.00
# Visual Studio Version 17
VisualStudioVersion = 17.12.35209.166
MinimumVisualStudioVersion = 10.0.40219.1
Project("{FAE04EC0-301F-11D3-BF4B-00C04F79EFBC}") = "AB108VehicleTask", "AB108VehicleTask\AB108VehicleTask.csproj", "{FBAA8F94-C3BC-49A9-ACC7-7747131EC96B}"
EndProject
Global
	GlobalSection(SolutionConfigurationPlatforms) = preSolution
		Debug|Any CPU = Debug|Any CPU
		Release|Any CPU = Release|Any CPU
	EndGlobalSection
	GlobalSection(ProjectConfigurationPlatforms) = postSolution
		{FBAA8F94-C3BC-49A9-ACC7-7747131EC96B}.Debug|Any CPU.ActiveCfg = Debug|Any CPU
		{FBAA8F94-C3BC-49A9-ACC7-7747131EC96B}.Debug|Any CPU.Build.0 = Debug|Any CPU
		{FBAA8F94-C3BC-49A9-ACC7-7747131EC96B}.Release|Any CPU.ActiveCfg = Release|Any CPU
		{FBAA8F94-C3BC-49A9-ACC7-7747131EC96B}.Release|Any CPU.Build.0 = Release|Any CPU
	EndGlobalSection
	GlobalSection(SolutionProperties) = preSolution
		HideSolutionNode = FALSE
	EndGlobalSection
	GlobalSection(ExtensibilityGlobals) = postSolution
		SolutionGuid = {B7150DF8-41C3-4902-957F-70EA1F4752BD}
	EndGlobalSection
EndGlobal
