
Microsoft Visual Studio Solution File, Format Version 12.00
# Visual Studio Version 17
VisualStudioVersion = 17.12.35209.166
MinimumVisualStudioVersion = 10.0.40219.1
Project("{FAE04EC0-301F-11D3-BF4B-00C04F79EFBC}") = "AcademyManagementEFProject", "AcademyManagementEFProject\AcademyManagementEFProject.csproj", "{68854866-BF9E-4760-A970-3B6DA18C56FA}"
EndProject
Global
	GlobalSection(SolutionConfigurationPlatforms) = preSolution
		Debug|Any CPU = Debug|Any CPU
		Release|Any CPU = Release|Any CPU
	EndGlobalSection
	GlobalSection(ProjectConfigurationPlatforms) = postSolution
		{68854866-BF9E-4760-A970-3B6DA18C56FA}.Debug|Any CPU.ActiveCfg = Debug|Any CPU
		{68854866-BF9E-4760-A970-3B6DA18C56FA}.Debug|Any CPU.Build.0 = Debug|Any CPU
		{68854866-BF9E-4760-A970-3B6DA18C56FA}.Release|Any CPU.ActiveCfg = Release|Any CPU
		{68854866-BF9E-4760-A970-3B6DA18C56FA}.Release|Any CPU.Build.0 = Release|Any CPU
	EndGlobalSection
	GlobalSection(SolutionProperties) = preSolution
		HideSolutionNode = FALSE
	EndGlobalSection
	GlobalSection(ExtensibilityGlobals) = postSolution
		SolutionGuid = {66B496BB-8469-49A1-8C1E-127249B100B0}
	EndGlobalSection
EndGlobal
